Microsoft Visual Studio Solution File, Format Version 12.00
# Visual Studio Version 17
VisualStudioVersion = 17.5.2.0
MinimumVisualStudioVersion = 10.0.40219.1
Project("{FAE04EC0-301F-11D3-BF4B-00C04F79EFBC}") = "DesignTemplates", "DesignTemplates.csproj", "{A02BDACE-F185-8F24-9D1A-44666ED4C680}"
EndProject
Global
	GlobalSection(SolutionConfigurationPlatforms) = preSolution
		Debug|Any CPU = Debug|Any CPU
		Release|Any CPU = Release|Any CPU
	EndGlobalSection
	GlobalSection(ProjectConfigurationPlatforms) = postSolution
		{A02BDACE-F185-8F24-9D1A-44666ED4C680}.Debug|Any CPU.ActiveCfg = Debug|Any CPU
		{A02BDACE-F185-8F24-9D1A-44666ED4C680}.Debug|Any CPU.Build.0 = Debug|Any CPU
		{A02BDACE-F185-8F24-9D1A-44666ED4C680}.Release|Any CPU.ActiveCfg = Release|Any CPU
		{A02BDACE-F185-8F24-9D1A-44666ED4C680}.Release|Any CPU.Build.0 = Release|Any CPU
	EndGlobalSection
	GlobalSection(SolutionProperties) = preSolution
		HideSolutionNode = FALSE
	EndGlobalSection
	GlobalSection(ExtensibilityGlobals) = postSolution
		SolutionGuid = {775E1B4C-7A78-4E5F-902D-3A863465AAB3}
	EndGlobalSection
EndGlobal
